
Microsoft Visual Studio Solution File, Format Version 12.00
# Visual Studio Version 17
VisualStudioVersion = 17.10.35013.160
MinimumVisualStudioVersion = 10.0.40219.1
Project("{9A19103F-16F7-4668-BE54-9A1E7A4F7556}") = "Project_SthlmBostader.Android", "Project_SthlmBostader.Android\Project_SthlmBostader.Android.csproj", "{29FDEE15-7537-4AEF-B074-27C69961D3E8}"
EndProject
Project("{9A19103F-16F7-4668-BE54-9A1E7A4F7556}") = "Project_SthlmBostader.iOS", "Project_SthlmBostader.iOS\Project_SthlmBostader.iOS.csproj", "{59D83376-C078-4962-B18B-8DEEAD7A9B12}"
EndProject
Project("{9A19103F-16F7-4668-BE54-9A1E7A4F7556}") = "Project_SthlmBostader", "Project_SthlmBostader\Project_SthlmBostader.csproj", "{8180C042-F7F6-485A-B399-2D388AE1F9FD}"
EndProject
Global
	GlobalSection(SolutionConfigurationPlatforms) = preSolution
		Debug|Any CPU = Debug|Any CPU
		Debug|iPhone = Debug|iPhone
		Debug|iPhoneSimulator = Debug|iPhoneSimulator
		Release|Any CPU = Release|Any CPU
		Release|iPhone = Release|iPhone
		Release|iPhoneSimulator = Release|iPhoneSimulator
	EndGlobalSection
	GlobalSection(ProjectConfigurationPlatforms) = postSolution
		{29FDEE15-7537-4AEF-B074-27C69961D3E8}.Debug|Any CPU.ActiveCfg = Debug|Any CPU
		{29FDEE15-7537-4AEF-B074-27C69961D3E8}.Debug|Any CPU.Build.0 = Debug|Any CPU
		{29FDEE15-7537-4AEF-B074-27C69961D3E8}.Debug|Any CPU.Deploy.0 = Debug|Any CPU
		{29FDEE15-7537-4AEF-B074-27C69961D3E8}.Debug|iPhone.ActiveCfg = Debug|Any CPU
		{29FDEE15-7537-4AEF-B074-27C69961D3E8}.Debug|iPhone.Build.0 = Debug|Any CPU
		{29FDEE15-7537-4AEF-B074-27C69961D3E8}.Debug|iPhone.Deploy.0 = Debug|Any CPU
		{29FDEE15-7537-4AEF-B074-27C69961D3E8}.Debug|iPhoneSimulator.ActiveCfg = Debug|Any CPU
		{29FDEE15-7537-4AEF-B074-27C69961D3E8}.Debug|iPhoneSimulator.Build.0 = Debug|Any CPU
		{29FDEE15-7537-4AEF-B074-27C69961D3E8}.Debug|iPhoneSimulator.Deploy.0 = Debug|Any CPU
		{29FDEE15-7537-4AEF-B074-27C69961D3E8}.Release|Any CPU.ActiveCfg = Release|Any CPU
		{29FDEE15-7537-4AEF-B074-27C69961D3E8}.Release|Any CPU.Build.0 = Release|Any CPU
		{29FDEE15-7537-4AEF-B074-27C69961D3E8}.Release|Any CPU.Deploy.0 = Release|Any CPU
		{29FDEE15-7537-4AEF-B074-27C69961D3E8}.Release|iPhone.ActiveCfg = Release|Any CPU
		{29FDEE15-7537-4AEF-B074-27C69961D3E8}.Release|iPhone.Build.0 = Release|Any CPU
		{29FDEE15-7537-4AEF-B074-27C69961D3E8}.Release|iPhone.Deploy.0 = Release|Any CPU
		{29FDEE15-7537-4AEF-B074-27C69961D3E8}.Release|iPhoneSimulator.ActiveCfg = Release|Any CPU
		{29FDEE15-7537-4AEF-B074-27C69961D3E8}.Release|iPhoneSimulator.Build.0 = Release|Any CPU
		{29FDEE15-7537-4AEF-B074-27C69961D3E8}.Release|iPhoneSimulator.Deploy.0 = Release|Any CPU
		{59D83376-C078-4962-B18B-8DEEAD7A9B12}.Debug|Any CPU.ActiveCfg = Debug|iPhone
		{59D83376-C078-4962-B18B-8DEEAD7A9B12}.Debug|Any CPU.Build.0 = Debug|iPhone
		{59D83376-C078-4962-B18B-8DEEAD7A9B12}.Debug|Any CPU.Deploy.0 = Debug|iPhone
		{59D83376-C078-4962-B18B-8DEEAD7A9B12}.Debug|iPhone.ActiveCfg = Debug|iPhone
		{59D83376-C078-4962-B18B-8DEEAD7A9B12}.Debug|iPhone.Build.0 = Debug|iPhone
		{59D83376-C078-4962-B18B-8DEEAD7A9B12}.Debug|iPhone.Deploy.0 = Debug|iPhone
		{59D83376-C078-4962-B18B-8DEEAD7A9B12}.Debug|iPhoneSimulator.ActiveCfg = Debug|iPhoneSimulator
		{59D83376-C078-4962-B18B-8DEEAD7A9B12}.Debug|iPhoneSimulator.Build.0 = Debug|iPhoneSimulator
		{59D83376-C078-4962-B18B-8DEEAD7A9B12}.Debug|iPhoneSimulator.Deploy.0 = Debug|iPhoneSimulator
		{59D83376-C078-4962-B18B-8DEEAD7A9B12}.Release|Any CPU.ActiveCfg = Release|iPhoneSimulator
		{59D83376-C078-4962-B18B-8DEEAD7A9B12}.Release|Any CPU.Build.0 = Release|iPhoneSimulator
		{59D83376-C078-4962-B18B-8DEEAD7A9B12}.Release|Any CPU.Deploy.0 = Release|iPhoneSimulator
		{59D83376-C078-4962-B18B-8DEEAD7A9B12}.Release|iPhone.ActiveCfg = Release|iPhone
		{59D83376-C078-4962-B18B-8DEEAD7A9B12}.Release|iPhone.Build.0 = Release|iPhone
		{59D83376-C078-4962-B18B-8DEEAD7A9B12}.Release|iPhone.Deploy.0 = Release|iPhone
		{59D83376-C078-4962-B18B-8DEEAD7A9B12}.Release|iPhoneSimulator.ActiveCfg = Release|iPhoneSimulator
		{59D83376-C078-4962-B18B-8DEEAD7A9B12}.Release|iPhoneSimulator.Build.0 = Release|iPhoneSimulator
		{59D83376-C078-4962-B18B-8DEEAD7A9B12}.Release|iPhoneSimulator.Deploy.0 = Release|iPhoneSimulator
		{8180C042-F7F6-485A-B399-2D388AE1F9FD}.Debug|Any CPU.ActiveCfg = Debug|Any CPU
		{8180C042-F7F6-485A-B399-2D388AE1F9FD}.Debug|Any CPU.Build.0 = Debug|Any CPU
		{8180C042-F7F6-485A-B399-2D388AE1F9FD}.Debug|Any CPU.Deploy.0 = Debug|Any CPU
		{8180C042-F7F6-485A-B399-2D388AE1F9FD}.Debug|iPhone.ActiveCfg = Debug|Any CPU
		{8180C042-F7F6-485A-B399-2D388AE1F9FD}.Debug|iPhone.Build.0 = Debug|Any CPU
		{8180C042-F7F6-485A-B399-2D388AE1F9FD}.Debug|iPhone.Deploy.0 = Debug|Any CPU
		{8180C042-F7F6-485A-B399-2D388AE1F9FD}.Debug|iPhoneSimulator.ActiveCfg = Debug|Any CPU
		{8180C042-F7F6-485A-B399-2D388AE1F9FD}.Debug|iPhoneSimulator.Build.0 = Debug|Any CPU
		{8180C042-F7F6-485A-B399-2D388AE1F9FD}.Debug|iPhoneSimulator.Deploy.0 = Debug|Any CPU
		{8180C042-F7F6-485A-B399-2D388AE1F9FD}.Release|Any CPU.ActiveCfg = Release|Any CPU
		{8180C042-F7F6-485A-B399-2D388AE1F9FD}.Release|Any CPU.Build.0 = Release|Any CPU
		{8180C042-F7F6-485A-B399-2D388AE1F9FD}.Release|Any CPU.Deploy.0 = Release|Any CPU
		{8180C042-F7F6-485A-B399-2D388AE1F9FD}.Release|iPhone.ActiveCfg = Release|Any CPU
		{8180C042-F7F6-485A-B399-2D388AE1F9FD}.Release|iPhone.Build.0 = Release|Any CPU
		{8180C042-F7F6-485A-B399-2D388AE1F9FD}.Release|iPhone.Deploy.0 = Release|Any CPU
		{8180C042-F7F6-485A-B399-2D388AE1F9FD}.Release|iPhoneSimulator.ActiveCfg = Release|Any CPU
		{8180C042-F7F6-485A-B399-2D388AE1F9FD}.Release|iPhoneSimulator.Build.0 = Release|Any CPU
		{8180C042-F7F6-485A-B399-2D388AE1F9FD}.Release|iPhoneSimulator.Deploy.0 = Release|Any CPU
	EndGlobalSection
	GlobalSection(SolutionProperties) = preSolution
		HideSolutionNode = FALSE
	EndGlobalSection
	GlobalSection(ExtensibilityGlobals) = postSolution
		SolutionGuid = {362E7107-6874-49EC-9290-34E3E0EC69D8}
	EndGlobalSection
EndGlobal
